
Microsoft Visual Studio Solution File, Format Version 12.00
# Visual Studio Version 17
VisualStudioVersion = 17.11.35303.130
MinimumVisualStudioVersion = 10.0.40219.1
Project("{FAE04EC0-301F-11D3-BF4B-00C04F79EFBC}") = "Rijschool", "Rijschool\Rijschool.csproj", "{FF0215BF-F0AB-4554-8CEA-1B7755FA47EC}"
EndProject
Global
	GlobalSection(SolutionConfigurationPlatforms) = preSolution
		Debug|Any CPU = Debug|Any CPU
		Release|Any CPU = Release|Any CPU
	EndGlobalSection
	GlobalSection(ProjectConfigurationPlatforms) = postSolution
		{FF0215BF-F0AB-4554-8CEA-1B7755FA47EC}.Debug|Any CPU.ActiveCfg = Debug|Any CPU
		{FF0215BF-F0AB-4554-8CEA-1B7755FA47EC}.Debug|Any CPU.Build.0 = Debug|Any CPU
		{FF0215BF-F0AB-4554-8CEA-1B7755FA47EC}.Release|Any CPU.ActiveCfg = Release|Any CPU
		{FF0215BF-F0AB-4554-8CEA-1B7755FA47EC}.Release|Any CPU.Build.0 = Release|Any CPU
	EndGlobalSection
	GlobalSection(SolutionProperties) = preSolution
		HideSolutionNode = FALSE
	EndGlobalSection
	GlobalSection(ExtensibilityGlobals) = postSolution
		SolutionGuid = {40EDEC5B-57C3-4E24-BD51-434CA92FF639}
	EndGlobalSection
EndGlobal
